
Microsoft Visual Studio Solution File, Format Version 12.00
# Visual Studio Version 16
VisualStudioVersion = 16.0.32407.337
MinimumVisualStudioVersion = 10.0.40219.1
Project("{FAE04EC0-301F-11D3-BF4B-00C04F79EFBC}") = "Solving_Systems_With _Kramer's_Rule", "Solving_Systems_With _Kramer's_Rule.csproj", "{7670356E-C9A8-44EF-8FF8-FCFDC709993A}"
EndProject
Project("{FAE04EC0-301F-11D3-BF4B-00C04F79EFBC}") = "Solving_Systems_With_GaussMethod", "..\Solving_Systems_With_GaussMethod\Solving_Systems_With_GaussMethod.csproj", "{AB9F7C8C-39A7-4B1C-8B0D-635F088D4057}"
EndProject
Project("{FAE04EC0-301F-11D3-BF4B-00C04F79EFBC}") = "Solving_Systems_With_Jacobi_Method", "..\Solving_Systems_With_Jacobi_Method\Solving_Systems_With_Jacobi_Method.csproj", "{A381D4E3-FC4B-4BB5-9A25-420B4A803351}"
EndProject
Global
	GlobalSection(SolutionConfigurationPlatforms) = preSolution
		Debug|Any CPU = Debug|Any CPU
		Release|Any CPU = Release|Any CPU
	EndGlobalSection
	GlobalSection(ProjectConfigurationPlatforms) = postSolution
		{7670356E-C9A8-44EF-8FF8-FCFDC709993A}.Debug|Any CPU.ActiveCfg = Debug|Any CPU
		{7670356E-C9A8-44EF-8FF8-FCFDC709993A}.Debug|Any CPU.Build.0 = Debug|Any CPU
		{7670356E-C9A8-44EF-8FF8-FCFDC709993A}.Release|Any CPU.ActiveCfg = Release|Any CPU
		{7670356E-C9A8-44EF-8FF8-FCFDC709993A}.Release|Any CPU.Build.0 = Release|Any CPU
		{AB9F7C8C-39A7-4B1C-8B0D-635F088D4057}.Debug|Any CPU.ActiveCfg = Debug|Any CPU
		{AB9F7C8C-39A7-4B1C-8B0D-635F088D4057}.Debug|Any CPU.Build.0 = Debug|Any CPU
		{AB9F7C8C-39A7-4B1C-8B0D-635F088D4057}.Release|Any CPU.ActiveCfg = Release|Any CPU
		{AB9F7C8C-39A7-4B1C-8B0D-635F088D4057}.Release|Any CPU.Build.0 = Release|Any CPU
		{A381D4E3-FC4B-4BB5-9A25-420B4A803351}.Debug|Any CPU.ActiveCfg = Debug|Any CPU
		{A381D4E3-FC4B-4BB5-9A25-420B4A803351}.Debug|Any CPU.Build.0 = Debug|Any CPU
		{A381D4E3-FC4B-4BB5-9A25-420B4A803351}.Release|Any CPU.ActiveCfg = Release|Any CPU
		{A381D4E3-FC4B-4BB5-9A25-420B4A803351}.Release|Any CPU.Build.0 = Release|Any CPU
	EndGlobalSection
	GlobalSection(SolutionProperties) = preSolution
		HideSolutionNode = FALSE
	EndGlobalSection
	GlobalSection(ExtensibilityGlobals) = postSolution
		SolutionGuid = {443C62B0-8DB6-483A-A453-EF7FC03BDD10}
	EndGlobalSection
EndGlobal
